
Microsoft Visual Studio Solution File, Format Version 12.00
# Visual Studio Version 17
VisualStudioVersion = 17.4.33213.308
MinimumVisualStudioVersion = 10.0.40219.1
Project("{FAE04EC0-301F-11D3-BF4B-00C04F79EFBC}") = "projekt_dziedziczenie", "projekt_dziedziczenie.csproj", "{DF9093C3-F7BC-41CD-A38D-3E256FCDCF58}"
EndProject
Global
	GlobalSection(SolutionConfigurationPlatforms) = preSolution
		Debug|Any CPU = Debug|Any CPU
		Release|Any CPU = Release|Any CPU
	EndGlobalSection
	GlobalSection(ProjectConfigurationPlatforms) = postSolution
		{DF9093C3-F7BC-41CD-A38D-3E256FCDCF58}.Debug|Any CPU.ActiveCfg = Debug|Any CPU
		{DF9093C3-F7BC-41CD-A38D-3E256FCDCF58}.Debug|Any CPU.Build.0 = Debug|Any CPU
		{DF9093C3-F7BC-41CD-A38D-3E256FCDCF58}.Release|Any CPU.ActiveCfg = Release|Any CPU
		{DF9093C3-F7BC-41CD-A38D-3E256FCDCF58}.Release|Any CPU.Build.0 = Release|Any CPU
	EndGlobalSection
	GlobalSection(SolutionProperties) = preSolution
		HideSolutionNode = FALSE
	EndGlobalSection
	GlobalSection(ExtensibilityGlobals) = postSolution
		SolutionGuid = {82D78A9B-DA74-494E-8CB2-CF9EF632BC84}
	EndGlobalSection
EndGlobal
